// !$*UTF8*$!
{
	archiveVersion = 1;
	classes = {
	};
	objectVersion = 56;
	objects = {

/* Begin PBXBuildFile section */
		F87765822A603892001A475E /* ImageClassifier.mlmodel in Sources */ = {isa = PBXBuildFile; fileRef = F87765812A603892001A475E /* ImageClassifier.mlmodel */; };
		F8D564DE2A5EAEAF00550FB9 /* AppDelegate.swift in Sources */ = {isa = PBXBuildFile; fileRef = F8D564DD2A5EAEAF00550FB9 /* AppDelegate.swift */; };
		F8D564E02A5EAEAF00550FB9 /* SceneDelegate.swift in Sources */ = {isa = PBXBuildFile; fileRef = F8D564DF2A5EAEAF00550FB9 /* SceneDelegate.swift */; };
		F8D564E22A5EAEAF00550FB9 /* ViewController.swift in Sources */ = {isa = PBXBuildFile; fileRef = F8D564E12A5EAEAF00550FB9 /* ViewController.swift */; };
		F8D564E52A5EAEAF00550FB9 /* Main.storyboard in Resources */ = {isa = PBXBuildFile; fileRef = F8D564E32A5EAEAF00550FB9 /* Main.storyboard */; };
		F8D564E72A5EAEB000550FB9 /* Assets.xcassets in Resources */ = {isa = PBXBuildFile; fileRef = F8D564E62A5EAEB000550FB9 /* Assets.xcassets */; };
		F8D564EA2A5EAEB000550FB9 /* LaunchScreen.storyboard in Resources */ = {isa = PBXBuildFile; fileRef = F8D564E82A5EAEB000550FB9 /* LaunchScreen.storyboard */; };
		F8D564F22A5EAF3E00550FB9 /* Inceptionv3.mlmodel in Sources */ = {isa = PBXBuildFile; fileRef = F8D564F12A5EAF3E00550FB9 /* Inceptionv3.mlmodel */; };
		F8D564F42A5ED39700550FB9 /* ManagerModel.swift in Sources */ = {isa = PBXBuildFile; fileRef = F8D564F32A5ED39700550FB9 /* ManagerModel.swift */; };
		F8D564F62A5ED49000550FB9 /* ExtensionVC.swift in Sources */ = {isa = PBXBuildFile; fileRef = F8D564F52A5ED49000550FB9 /* ExtensionVC.swift */; };
/* End PBXBuildFile section */

/* Begin PBXFileReference section */
		F87765812A603892001A475E /* ImageClassifier.mlmodel */ = {isa = PBXFileReference; lastKnownFileType = file.mlmodel; path = ImageClassifier.mlmodel; sourceTree = "<group>"; };
		F8D564DA2A5EAEAF00550FB9 /* SeaFoodML.app */ = {isa = PBXFileReference; explicitFileType = wrapper.application; includeInIndex = 0; path = SeaFoodML.app; sourceTree = BUILT_PRODUCTS_DIR; };
		F8D564DD2A5EAEAF00550FB9 /* AppDelegate.swift */ = {isa = PBXFileReference; lastKnownFileType = sourcecode.swift; path = AppDelegate.swift; sourceTree = "<group>"; };
		F8D564DF2A5EAEAF00550FB9 /* SceneDelegate.swift */ = {isa = PBXFileReference; lastKnownFileType = sourcecode.swift; path = SceneDelegate.swift; sourceTree = "<group>"; };
		F8D564E12A5EAEAF00550FB9 /* ViewController.swift */ = {isa = PBXFileReference; lastKnownFileType = sourcecode.swift; path = ViewController.swift; sourceTree = "<group>"; };
		F8D564E42A5EAEAF00550FB9 /* Base */ = {isa = PBXFileReference; lastKnownFileType = file.storyboard; name = Base; path = Base.lproj/Main.storyboard; sourceTree = "<group>"; };
		F8D564E62A5EAEB000550FB9 /* Assets.xcassets */ = {isa = PBXFileReference; lastKnownFileType = folder.assetcatalog; path = Assets.xcassets; sourceTree = "<group>"; };
		F8D564E92A5EAEB000550FB9 /* Base */ = {isa = PBXFileReference; lastKnownFileType = file.storyboard; name = Base; path = Base.lproj/LaunchScreen.storyboard; sourceTree = "<group>"; };
		F8D564EB2A5EAEB000550FB9 /* Info.plist */ = {isa = PBXFileReference; lastKnownFileType = text.plist.xml; path = Info.plist; sourceTree = "<group>"; };
		F8D564F12A5EAF3E00550FB9 /* Inceptionv3.mlmodel */ = {isa = PBXFileReference; lastKnownFileType = file.mlmodel; path = Inceptionv3.mlmodel; sourceTree = "<group>"; };
		F8D564F32A5ED39700550FB9 /* ManagerModel.swift */ = {isa = PBXFileReference; lastKnownFileType = sourcecode.swift; path = ManagerModel.swift; sourceTree = "<group>"; };
		F8D564F52A5ED49000550FB9 /* ExtensionVC.swift */ = {isa = PBXFileReference; lastKnownFileType = sourcecode.swift; path = ExtensionVC.swift; sourceTree = "<group>"; };
/* End PBXFileReference section */

/* Begin PBXFrameworksBuildPhase section */
		F8D564D72A5EAEAF00550FB9 /* Frameworks */ = {
			isa = PBXFrameworksBuildPhase;
			buildActionMask = 2147483647;
			files = (
			);
			runOnlyForDeploymentPostprocessing = 0;
		};
/* End PBXFrameworksBuildPhase section */

/* Begin PBXGroup section */
		F8D564D12A5EAEAF00550FB9 = {
			isa = PBXGroup;
			children = (
				F8D564DC2A5EAEAF00550FB9 /* SeaFoodML */,
				F8D564DB2A5EAEAF00550FB9 /* Products */,
			);
			sourceTree = "<group>";
		};
		F8D564DB2A5EAEAF00550FB9 /* Products */ = {
			isa = PBXGroup;
			children = (
				F8D564DA2A5EAEAF00550FB9 /* SeaFoodML.app */,
			);
			name = Products;
			sourceTree = "<group>";
		};
		F8D564DC2A5EAEAF00550FB9 /* SeaFoodML */ = {
			isa = PBXGroup;
			children = (
				F8D564EB2A5EAEB000550FB9 /* Info.plist */,
				F8D564DD2A5EAEAF00550FB9 /* AppDelegate.swift */,
				F8D564DF2A5EAEAF00550FB9 /* SceneDelegate.swift */,
				F8D564F82A5ED50100550FB9 /* Model */,
				F8D564F72A5ED4E800550FB9 /* Controller */,
				F8D564F92A5ED51600550FB9 /* View */,
				F8D564FA2A5ED52D00550FB9 /* Info */,
			);
			path = SeaFoodML;
			sourceTree = "<group>";
		};
		F8D564F72A5ED4E800550FB9 /* Controller */ = {
			isa = PBXGroup;
			children = (
				F8D564E12A5EAEAF00550FB9 /* ViewController.swift */,
				F8D564F52A5ED49000550FB9 /* ExtensionVC.swift */,
			);
			path = Controller;
			sourceTree = "<group>";
		};
		F8D564F82A5ED50100550FB9 /* Model */ = {
			isa = PBXGroup;
			children = (
				F8D564F12A5EAF3E00550FB9 /* Inceptionv3.mlmodel */,
				F8D564F32A5ED39700550FB9 /* ManagerModel.swift */,
				F87765812A603892001A475E /* ImageClassifier.mlmodel */,
			);
			name = Model;
			sourceTree = "<group>";
		};
		F8D564F92A5ED51600550FB9 /* View */ = {
			isa = PBXGroup;
			children = (
				F8D564E32A5EAEAF00550FB9 /* Main.storyboard */,
			);
			path = View;
			sourceTree = "<group>";
		};
		F8D564FA2A5ED52D00550FB9 /* Info */ = {
			isa = PBXGroup;
			children = (
				F8D564E62A5EAEB000550FB9 /* Assets.xcassets */,
				F8D564E82A5EAEB000550FB9 /* LaunchScreen.storyboard */,
			);
			path = Info;
			sourceTree = "<group>";
		};
/* End PBXGroup section */

/* Begin PBXNativeTarget section */
		F8D564D92A5EAEAF00550FB9 /* SeaFoodML */ = {
			isa = PBXNativeTarget;
			buildConfigurationList = F8D564EE2A5EAEB000550FB9 /* Build configuration list for PBXNativeTarget "SeaFoodML" */;
			buildPhases = (
				F8D564D62A5EAEAF00550FB9 /* Sources */,
				F8D564D72A5EAEAF00550FB9 /* Frameworks */,
				F8D564D82A5EAEAF00550FB9 /* Resources */,
			);
			buildRules = (
			);
			dependencies = (
			);
			name = SeaFoodML;
			productName = SeaFoodML;
			productReference = F8D564DA2A5EAEAF00550FB9 /* SeaFoodML.app */;
			productType = "com.apple.product-type.application";
		};
/* End PBXNativeTarget section */

/* Begin PBXProject section */
		F8D564D22A5EAEAF00550FB9 /* Project object */ = {
			isa = PBXProject;
			attributes = {
				BuildIndependentTargetsInParallel = 1;
				LastSwiftUpdateCheck = 1430;
				LastUpgradeCheck = 1430;
				TargetAttributes = {
					F8D564D92A5EAEAF00550FB9 = {
						CreatedOnToolsVersion = 14.3;
					};
				};
			};
			buildConfigurationList = F8D564D52A5EAEAF00550FB9 /* Build configuration list for PBXProject "SeaFoodML" */;
			compatibilityVersion = "Xcode 14.0";
			developmentRegion = en;
			hasScannedForEncodings = 0;
			knownRegions = (
				en,
				Base,
			);
			mainGroup = F8D564D12A5EAEAF00550FB9;
			productRefGroup = F8D564DB2A5EAEAF00550FB9 /* Products */;
			projectDirPath = "";
			projectRoot = "";
			targets = (
				F8D564D92A5EAEAF00550FB9 /* SeaFoodML */,
			);
		};
/* End PBXProject section */

/* Begin PBXResourcesBuildPhase section */
		F8D564D82A5EAEAF00550FB9 /* Resources */ = {
			isa = PBXResourcesBuildPhase;
			buildActionMask = 2147483647;
			files = (
				F8D564EA2A5EAEB000550FB9 /* LaunchScreen.storyboard in Resources */,
				F8D564E72A5EAEB000550FB9 /* Assets.xcassets in Resources */,
				F8D564E52A5EAEAF00550FB9 /* Main.storyboard in Resources */,
			);
			runOnlyForDeploymentPostprocessing = 0;
		};
/* End PBXResourcesBuildPhase section */

/* Begin PBXSourcesBuildPhase section */
		F8D564D62A5EAEAF00550FB9 /* Sources */ = {
			isa = PBXSourcesBuildPhase;
			buildActionMask = 2147483647;
			files = (
				F8D564E22A5EAEAF00550FB9 /* ViewController.swift in Sources */,
				F87765822A603892001A475E /* ImageClassifier.mlmodel in Sources */,
				F8D564F22A5EAF3E00550FB9 /* Inceptionv3.mlmodel in Sources */,
				F8D564F42A5ED39700550FB9 /* ManagerModel.swift in Sources */,
				F8D564DE2A5EAEAF00550FB9 /* AppDelegate.swift in Sources */,
				F8D564F62A5ED49000550FB9 /* ExtensionVC.swift in Sources */,
				F8D564E02A5EAEAF00550FB9 /* SceneDelegate.swift in Sources */,
			);
			runOnlyForDeploymentPostprocessing = 0;
		};
/* End PBXSourcesBuildPhase section */

/* Begin PBXVariantGroup section */
		F8D564E32A5EAEAF00550FB9 /* Main.storyboard */ = {
			isa = PBXVariantGroup;
			children = (
				F8D564E42A5EAEAF00550FB9 /* Base */,
			);
			name = Main.storyboard;
			sourceTree = "<group>";
		};
		F8D564E82A5EAEB000550FB9 /* LaunchScreen.storyboard */ = {
			isa = PBXVariantGroup;
			children = (
				F8D564E92A5EAEB000550FB9 /* Base */,
			);
			name = LaunchScreen.storyboard;
			sourceTree = "<group>";
		};
/* End PBXVariantGroup section */

/* Begin XCBuildConfiguration section */
		F8D564EC2A5EAEB000550FB9 /* Debug */ = {
			isa = XCBuildConfiguration;
			buildSettings = {
				ALWAYS_SEARCH_USER_PATHS = NO;
				CLANG_ANALYZER_NONNULL = YES;
				CLANG_ANALYZER_NUMBER_OBJECT_CONVERSION = YES_AGGRESSIVE;
				CLANG_CXX_LANGUAGE_STANDARD = "gnu++20";
				CLANG_ENABLE_MODULES = YES;
				CLANG_ENABLE_OBJC_ARC = YES;
				CLANG_ENABLE_OBJC_WEAK = YES;
				CLANG_WARN_BLOCK_CAPTURE_AUTORELEASING = YES;
				CLANG_WARN_BOOL_CONVERSION = YES;
				CLANG_WARN_COMMA = YES;
				CLANG_WARN_CONSTANT_CONVERSION = YES;
				CLANG_WARN_DEPRECATED_OBJC_IMPLEMENTATIONS = YES;
				CLANG_WARN_DIRECT_OBJC_ISA_USAGE = YES_ERROR;
				CLANG_WARN_DOCUMENTATION_COMMENTS = YES;
				CLANG_WARN_EMPTY_BODY = YES;
				CLANG_WARN_ENUM_CONVERSION = YES;
				CLANG_WARN_INFINITE_RECURSION = YES;
				CLANG_WARN_INT_CONVERSION = YES;
				CLANG_WARN_NON_LITERAL_NULL_CONVERSION = YES;
				CLANG_WARN_OBJC_IMPLICIT_RETAIN_SELF = YES;
				CLANG_WARN_OBJC_LITERAL_CONVERSION = YES;
				CLANG_WARN_OBJC_ROOT_CLASS = YES_ERROR;
				CLANG_WARN_QUOTED_INCLUDE_IN_FRAMEWORK_HEADER = YES;
				CLANG_WARN_RANGE_LOOP_ANALYSIS = YES;
				CLANG_WARN_STRICT_PROTOTYPES = YES;
				CLANG_WARN_SUSPICIOUS_MOVE = YES;
				CLANG_WARN_UNGUARDED_AVAILABILITY = YES_AGGRESSIVE;
				CLANG_WARN_UNREACHABLE_CODE = YES;
				CLANG_WARN__DUPLICATE_METHOD_MATCH = YES;
				COPY_PHASE_STRIP = NO;
				DEBUG_INFORMATION_FORMAT = dwarf;
				ENABLE_STRICT_OBJC_MSGSEND = YES;
				ENABLE_TESTABILITY = YES;
				GCC_C_LANGUAGE_STANDARD = gnu11;
				GCC_DYNAMIC_NO_PIC = NO;
				GCC_NO_COMMON_BLOCKS = YES;
				GCC_OPTIMIZATION_LEVEL = 0;
				GCC_PREPROCESSOR_DEFINITIONS = (
					"DEBUG=1",
					"$(inherited)",
				);
				GCC_WARN_64_TO_32_BIT_CONVERSION = YES;
				GCC_WARN_ABOUT_RETURN_TYPE = YES_ERROR;
				GCC_WARN_UNDECLARED_SELECTOR = YES;
				GCC_WARN_UNINITIALIZED_AUTOS = YES_AGGRESSIVE;
				GCC_WARN_UNUSED_FUNCTION = YES;
				GCC_WARN_UNUSED_VARIABLE = YES;
				IPHONEOS_DEPLOYMENT_TARGET = 16.4;
				MTL_ENABLE_DEBUG_INFO = INCLUDE_SOURCE;
				MTL_FAST_MATH = YES;
				ONLY_ACTIVE_ARCH = YES;
				SDKROOT = iphoneos;
				SWIFT_ACTIVE_COMPILATION_CONDITIONS = DEBUG;
				SWIFT_OPTIMIZATION_LEVEL = "-Onone";
			};
			name = Debug;
		};
		F8D564ED2A5EAEB000550FB9 /* Release */ = {
			isa = XCBuildConfiguration;
			buildSettings = {
				ALWAYS_SEARCH_USER_PATHS = NO;
				CLANG_ANALYZER_NONNULL = YES;
				CLANG_ANALYZER_NUMBER_OBJECT_CONVERSION = YES_AGGRESSIVE;
				CLANG_CXX_LANGUAGE_STANDARD = "gnu++20";
				CLANG_ENABLE_MODULES = YES;
				CLANG_ENABLE_OBJC_ARC = YES;
				CLANG_ENABLE_OBJC_WEAK = YES;
				CLANG_WARN_BLOCK_CAPTURE_AUTORELEASING = YES;
				CLANG_WARN_BOOL_CONVERSION = YES;
				CLANG_WARN_COMMA = YES;
				CLANG_WARN_CONSTANT_CONVERSION = YES;
				CLANG_WARN_DEPRECATED_OBJC_IMPLEMENTATIONS = YES;
				CLANG_WARN_DIRECT_OBJC_ISA_USAGE = YES_ERROR;
				CLANG_WARN_DOCUMENTATION_COMMENTS = YES;
				CLANG_WARN_EMPTY_BODY = YES;
				CLANG_WARN_ENUM_CONVERSION = YES;
				CLANG_WARN_INFINITE_RECURSION = YES;
				CLANG_WARN_INT_CONVERSION = YES;
				CLANG_WARN_NON_LITERAL_NULL_CONVERSION = YES;
				CLANG_WARN_OBJC_IMPLICIT_RETAIN_SELF = YES;
				CLANG_WARN_OBJC_LITERAL_CONVERSION = YES;
				CLANG_WARN_OBJC_ROOT_CLASS = YES_ERROR;
				CLANG_WARN_QUOTED_INCLUDE_IN_FRAMEWORK_HEADER = YES;
				CLANG_WARN_RANGE_LOOP_ANALYSIS = YES;
				CLANG_WARN_STRICT_PROTOTYPES = YES;
				CLANG_WARN_SUSPICIOUS_MOVE = YES;
				CLANG_WARN_UNGUARDED_AVAILABILITY = YES_AGGRESSIVE;
				CLANG_WARN_UNREACHABLE_CODE = YES;
				CLANG_WARN__DUPLICATE_METHOD_MATCH = YES;
				COPY_PHASE_STRIP = NO;
				DEBUG_INFORMATION_FORMAT = "dwarf-with-dsym";
				ENABLE_NS_ASSERTIONS = NO;
				ENABLE_STRICT_OBJC_MSGSEND = YES;
				GCC_C_LANGUAGE_STANDARD = gnu11;
				GCC_NO_COMMON_BLOCKS = YES;
				GCC_WARN_64_TO_32_BIT_CONVERSION = YES;
				GCC_WARN_ABOUT_RETURN_TYPE = YES_ERROR;
				GCC_WARN_UNDECLARED_SELECTOR = YES;
				GCC_WARN_UNINITIALIZED_AUTOS = YES_AGGRESSIVE;
				GCC_WARN_UNUSED_FUNCTION = YES;
				GCC_WARN_UNUSED_VARIABLE = YES;
				IPHONEOS_DEPLOYMENT_TARGET = 16.4;
				MTL_ENABLE_DEBUG_INFO = NO;
				MTL_FAST_MATH = YES;
				SDKROOT = iphoneos;
				SWIFT_COMPILATION_MODE = wholemodule;
				SWIFT_OPTIMIZATION_LEVEL = "-O";
				VALIDATE_PRODUCT = YES;
			};
			name = Release;
		};
		F8D564EF2A5EAEB000550FB9 /* Debug */ = {
			isa = XCBuildConfiguration;
			buildSettings = {
				ASSETCATALOG_COMPILER_APPICON_NAME = AppIcon;
				ASSETCATALOG_COMPILER_GLOBAL_ACCENT_COLOR_NAME = AccentColor;
				CODE_SIGN_STYLE = Automatic;
				CURRENT_PROJECT_VERSION = 1;
				DEVELOPMENT_TEAM = 89W56TC22L;
				GENERATE_INFOPLIST_FILE = YES;
				INFOPLIST_FILE = SeaFoodML/Info.plist;
				INFOPLIST_KEY_UIApplicationSupportsIndirectInputEvents = YES;
				INFOPLIST_KEY_UILaunchStoryboardName = LaunchScreen;
				INFOPLIST_KEY_UIMainStoryboardFile = Main;
				INFOPLIST_KEY_UISupportedInterfaceOrientations_iPad = "UIInterfaceOrientationPortrait UIInterfaceOrientationPortraitUpsideDown UIInterfaceOrientationLandscapeLeft UIInterfaceOrientationLandscapeRight";
				INFOPLIST_KEY_UISupportedInterfaceOrientations_iPhone = "UIInterfaceOrientationPortrait UIInterfaceOrientationLandscapeLeft UIInterfaceOrientationLandscapeRight";
				LD_RUNPATH_SEARCH_PATHS = (
					"$(inherited)",
					"@executable_path/Frameworks",
				);
				MARKETING_VERSION = 1.0;
				PRODUCT_BUNDLE_IDENTIFIER = VitiliLeikin.SeaFoodML;
				PRODUCT_NAME = "$(TARGET_NAME)";
				SWIFT_EMIT_LOC_STRINGS = YES;
				SWIFT_VERSION = 5.0;
				TARGETED_DEVICE_FAMILY = "1,2";
			};
			name = Debug;
		};
		F8D564F02A5EAEB000550FB9 /* Release */ = {
			isa = XCBuildConfiguration;
			buildSettings = {
				ASSETCATALOG_COMPILER_APPICON_NAME = AppIcon;
				ASSETCATALOG_COMPILER_GLOBAL_ACCENT_COLOR_NAME = AccentColor;
				CODE_SIGN_STYLE = Automatic;
				CURRENT_PROJECT_VERSION = 1;
				DEVELOPMENT_TEAM = 89W56TC22L;
				GENERATE_INFOPLIST_FILE = YES;
				INFOPLIST_FILE = SeaFoodML/Info.plist;
				INFOPLIST_KEY_UIApplicationSupportsIndirectInputEvents = YES;
				INFOPLIST_KEY_UILaunchStoryboardName = LaunchScreen;
				INFOPLIST_KEY_UIMainStoryboardFile = Main;
				INFOPLIST_KEY_UISupportedInterfaceOrientations_iPad = "UIInterfaceOrientationPortrait UIInterfaceOrientationPortraitUpsideDown UIInterfaceOrientationLandscapeLeft UIInterfaceOrientationLandscapeRight";
				INFOPLIST_KEY_UISupportedInterfaceOrientations_iPhone = "UIInterfaceOrientationPortrait UIInterfaceOrientationLandscapeLeft UIInterfaceOrientationLandscapeRight";
				LD_RUNPATH_SEARCH_PATHS = (
					"$(inherited)",
					"@executable_path/Frameworks",
				);
				MARKETING_VERSION = 1.0;
				PRODUCT_BUNDLE_IDENTIFIER = VitiliLeikin.SeaFoodML;
				PRODUCT_NAME = "$(TARGET_NAME)";
				SWIFT_EMIT_LOC_STRINGS = YES;
				SWIFT_VERSION = 5.0;
				TARGETED_DEVICE_FAMILY = "1,2";
			};
			name = Release;
		};
/* End XCBuildConfiguration section */

/* Begin XCConfigurationList section */
		F8D564D52A5EAEAF00550FB9 /* Build configuration list for PBXProject "SeaFoodML" */ = {
			isa = XCConfigurationList;
			buildConfigurations = (
				F8D564EC2A5EAEB000550FB9 /* Debug */,
				F8D564ED2A5EAEB000550FB9 /* Release */,
			);
			defaultConfigurationIsVisible = 0;
			defaultConfigurationName = Release;
		};
		F8D564EE2A5EAEB000550FB9 /* Build configuration list for PBXNativeTarget "SeaFoodML" */ = {
			isa = XCConfigurationList;
			buildConfigurations = (
				F8D564EF2A5EAEB000550FB9 /* Debug */,
				F8D564F02A5EAEB000550FB9 /* Release */,
			);
			defaultConfigurationIsVisible = 0;
			defaultConfigurationName = Release;
		};
/* End XCConfigurationList section */
	};
	rootObject = F8D564D22A5EAEAF00550FB9 /* Project object */;
}
